
Microsoft Visual Studio Solution File, Format Version 12.00
# Visual Studio Version 17
VisualStudioVersion = 17.0.31903.59
MinimumVisualStudioVersion = 10.0.40219.1
Project("{FAE04EC0-301F-11D3-BF4B-00C04F79EFBC}") = "Vocabulary", "Vocabulary\Vocabulary.csproj", "{991F0DE9-EBCE-4808-BDB1-34F5F4F2939A}"
EndProject
Project("{FAE04EC0-301F-11D3-BF4B-00C04F79EFBC}") = "Numbers", "Numbers\Numbers.csproj", "{8DD74A0C-498D-436F-8B90-2FF463649122}"
EndProject
Project("{FAE04EC0-301F-11D3-BF4B-00C04F79EFBC}") = "Variables", "Variables\Variables.csproj", "{B8E12596-1C45-4883-8682-7FF7B8AD1FD4}"
EndProject
Project("{FAE04EC0-301F-11D3-BF4B-00C04F79EFBC}") = "Formatting", "Formatting\Formatting.csproj", "{4F02DE3C-7022-4C07-8B52-7478FE9BFD49}"
EndProject
Project("{FAE04EC0-301F-11D3-BF4B-00C04F79EFBC}") = "Arguments", "Arguments\Arguments.csproj", "{3EA68234-2756-42E5-820F-80EF877C3C07}"
EndProject
Project("{FAE04EC0-301F-11D3-BF4B-00C04F79EFBC}") = "AsyncConsole", "AsyncConsole\AsyncConsole.csproj", "{0CC72C69-9250-40D1-B33E-F0AE9BF55D33}"
EndProject
Global
	GlobalSection(SolutionConfigurationPlatforms) = preSolution
		Debug|Any CPU = Debug|Any CPU
		Release|Any CPU = Release|Any CPU
	EndGlobalSection
	GlobalSection(SolutionProperties) = preSolution
		HideSolutionNode = FALSE
	EndGlobalSection
	GlobalSection(ProjectConfigurationPlatforms) = postSolution
		{991F0DE9-EBCE-4808-BDB1-34F5F4F2939A}.Debug|Any CPU.ActiveCfg = Debug|Any CPU
		{991F0DE9-EBCE-4808-BDB1-34F5F4F2939A}.Debug|Any CPU.Build.0 = Debug|Any CPU
		{991F0DE9-EBCE-4808-BDB1-34F5F4F2939A}.Release|Any CPU.ActiveCfg = Release|Any CPU
		{991F0DE9-EBCE-4808-BDB1-34F5F4F2939A}.Release|Any CPU.Build.0 = Release|Any CPU
		{8DD74A0C-498D-436F-8B90-2FF463649122}.Debug|Any CPU.ActiveCfg = Debug|Any CPU
		{8DD74A0C-498D-436F-8B90-2FF463649122}.Debug|Any CPU.Build.0 = Debug|Any CPU
		{8DD74A0C-498D-436F-8B90-2FF463649122}.Release|Any CPU.ActiveCfg = Release|Any CPU
		{8DD74A0C-498D-436F-8B90-2FF463649122}.Release|Any CPU.Build.0 = Release|Any CPU
		{B8E12596-1C45-4883-8682-7FF7B8AD1FD4}.Debug|Any CPU.ActiveCfg = Debug|Any CPU
		{B8E12596-1C45-4883-8682-7FF7B8AD1FD4}.Debug|Any CPU.Build.0 = Debug|Any CPU
		{B8E12596-1C45-4883-8682-7FF7B8AD1FD4}.Release|Any CPU.ActiveCfg = Release|Any CPU
		{B8E12596-1C45-4883-8682-7FF7B8AD1FD4}.Release|Any CPU.Build.0 = Release|Any CPU
		{4F02DE3C-7022-4C07-8B52-7478FE9BFD49}.Debug|Any CPU.ActiveCfg = Debug|Any CPU
		{4F02DE3C-7022-4C07-8B52-7478FE9BFD49}.Debug|Any CPU.Build.0 = Debug|Any CPU
		{4F02DE3C-7022-4C07-8B52-7478FE9BFD49}.Release|Any CPU.ActiveCfg = Release|Any CPU
		{4F02DE3C-7022-4C07-8B52-7478FE9BFD49}.Release|Any CPU.Build.0 = Release|Any CPU
		{3EA68234-2756-42E5-820F-80EF877C3C07}.Debug|Any CPU.ActiveCfg = Debug|Any CPU
		{3EA68234-2756-42E5-820F-80EF877C3C07}.Debug|Any CPU.Build.0 = Debug|Any CPU
		{3EA68234-2756-42E5-820F-80EF877C3C07}.Release|Any CPU.ActiveCfg = Release|Any CPU
		{3EA68234-2756-42E5-820F-80EF877C3C07}.Release|Any CPU.Build.0 = Release|Any CPU
		{0CC72C69-9250-40D1-B33E-F0AE9BF55D33}.Debug|Any CPU.ActiveCfg = Debug|Any CPU
		{0CC72C69-9250-40D1-B33E-F0AE9BF55D33}.Debug|Any CPU.Build.0 = Debug|Any CPU
		{0CC72C69-9250-40D1-B33E-F0AE9BF55D33}.Release|Any CPU.ActiveCfg = Release|Any CPU
		{0CC72C69-9250-40D1-B33E-F0AE9BF55D33}.Release|Any CPU.Build.0 = Release|Any CPU
	EndGlobalSection
EndGlobal
